
Microsoft Visual Studio Solution File, Format Version 12.00
# Visual Studio Version 16
VisualStudioVersion = 16.0.31129.286
MinimumVisualStudioVersion = 10.0.40219.1
Project("{9A19103F-16F7-4668-BE54-9A1E7A4F7556}") = "PtoyectoFinal", "PtoyectoFinal.csproj", "{44E969F4-493F-4707-817B-A8079CEEF920}"
EndProject
Global
	GlobalSection(SolutionConfigurationPlatforms) = preSolution
		Debug|Any CPU = Debug|Any CPU
		Release|Any CPU = Release|Any CPU
	EndGlobalSection
	GlobalSection(ProjectConfigurationPlatforms) = postSolution
		{44E969F4-493F-4707-817B-A8079CEEF920}.Debug|Any CPU.ActiveCfg = Debug|Any CPU
		{44E969F4-493F-4707-817B-A8079CEEF920}.Debug|Any CPU.Build.0 = Debug|Any CPU
		{44E969F4-493F-4707-817B-A8079CEEF920}.Release|Any CPU.ActiveCfg = Release|Any CPU
		{44E969F4-493F-4707-817B-A8079CEEF920}.Release|Any CPU.Build.0 = Release|Any CPU
	EndGlobalSection
	GlobalSection(SolutionProperties) = preSolution
		HideSolutionNode = FALSE
	EndGlobalSection
	GlobalSection(ExtensibilityGlobals) = postSolution
		SolutionGuid = {59A01AC4-686C-4D0A-8654-0CB37DEEEEE3}
	EndGlobalSection
EndGlobal
